{
  "version": "5",
  "specifiers": {
    "jsr:@fuman/utils@0.0.19": "0.0.19",
    "jsr:@std/assert@^1.0.8": "1.0.19",
    "jsr:@std/internal@^1.0.5": "1.0.14",
    "jsr:@std/testing@1.0.5": "1.0.5"
  },
  "jsr": {
    "@fuman/utils@0.0.19": {
      "integrity": "f2ec12d7643275a36db86dd5f2779a2f9f8f23e3d7cbb78aa4a7cb6657622977"
    },
    "@std/assert@1.0.19": {
      "integrity": "eaada96ee120cb980bc47e040f82814d786fe8162ecc53c91d8df60b8755991e"
    },
    "@std/internal@1.0.14": {
      "integrity": "291516b3d4c35024d6ffbc0a9df5bf4c64116e05b50012cf846710152d2ffdf7"
    },
    "@std/testing@1.0.5": {
      "integrity": "6e693cbec94c81a1ad3df668685c7ba8e20742bb10305bc7137faa5cf16d2ec4",
      "dependencies": [
        "jsr:@std/assert",
        "jsr:@std/internal"
      ]
    }
  },
  "remote": {
    "https://esm.sh/chai@5.1.2/denonext/chai.mjs": "1fcb476b5ed482a36820ffac092dd69c39fed56926014503d62351bbd7f9e142",
    "https://esm.sh/chai@5.1.2?pin=v135": "0f4b27f40df0ee94dc3d6f91a6c530063ea7c5720e55a5a08ace8f133376e748"
  },
  "workspace": {
    "packageJson": {
      "dependencies": [
        "npm:@fuman/utils@0.0.1",
        "npm:@types/chai@^4.3.8",
        "npm:@types/mocha@^10.0.2",
        "npm:@types/node@^20.8.10",
        "npm:better-sqlite3@12.10.0",
        "npm:chai@^4.3.10",
        "npm:dotenv-cli@7.4.4",
        "npm:esbuild@0.24",
        "npm:tsx@^4.19.2"
      ]
    }
  }
}
